
Microsoft Visual Studio Solution File, Format Version 12.00
# Visual Studio 15
VisualStudioVersion = 15.0.28307.645
MinimumVisualStudioVersion = 10.0.40219.1
Project("{FAE04EC0-301F-11D3-BF4B-00C04F79EFBC}") = "OpenPCINFO", "OpenPCINFO\OpenPCINFO.csproj", "{EC10CBB3-E6D8-47B8-9E42-2065E976AF84}"
EndProject
Global
	GlobalSection(SolutionConfigurationPlatforms) = preSolution
		Debug|Any CPU = Debug|Any CPU
		Release|Any CPU = Release|Any CPU
	EndGlobalSection
	GlobalSection(ProjectConfigurationPlatforms) = postSolution
		{EC10CBB3-E6D8-47B8-9E42-2065E976AF84}.Debug|Any CPU.ActiveCfg = Debug|Any CPU
		{EC10CBB3-E6D8-47B8-9E42-2065E976AF84}.Debug|Any CPU.Build.0 = Debug|Any CPU
		{EC10CBB3-E6D8-47B8-9E42-2065E976AF84}.Release|Any CPU.ActiveCfg = Release|Any CPU
		{EC10CBB3-E6D8-47B8-9E42-2065E976AF84}.Release|Any CPU.Build.0 = Release|Any CPU
	EndGlobalSection
	GlobalSection(SolutionProperties) = preSolution
		HideSolutionNode = FALSE
	EndGlobalSection
	GlobalSection(ExtensibilityGlobals) = postSolution
		SolutionGuid = {AEC4F4C9-5819-46AE-BA4B-08B61ED49572}
	EndGlobalSection
EndGlobal
